
Microsoft Visual Studio Solution File, Format Version 12.00
# Visual Studio Version 16
VisualStudioVersion = 16.0.30621.155
MinimumVisualStudioVersion = 10.0.40219.1
Project("{FAE04EC0-301F-11D3-BF4B-00C04F79EFBC}") = "HelloSpecFlowSeleniumWebDriver", "HelloSpecFlowSeleniumWebDriver.csproj", "{9E8ECCDC-6863-4A4C-BB0E-33891F68429C}"
EndProject
Global
	GlobalSection(SolutionConfigurationPlatforms) = preSolution
		Debug|Any CPU = Debug|Any CPU
		Release|Any CPU = Release|Any CPU
	EndGlobalSection
	GlobalSection(ProjectConfigurationPlatforms) = postSolution
		{9E8ECCDC-6863-4A4C-BB0E-33891F68429C}.Debug|Any CPU.ActiveCfg = Debug|Any CPU
		{9E8ECCDC-6863-4A4C-BB0E-33891F68429C}.Debug|Any CPU.Build.0 = Debug|Any CPU
		{9E8ECCDC-6863-4A4C-BB0E-33891F68429C}.Release|Any CPU.ActiveCfg = Release|Any CPU
		{9E8ECCDC-6863-4A4C-BB0E-33891F68429C}.Release|Any CPU.Build.0 = Release|Any CPU
	EndGlobalSection
	GlobalSection(SolutionProperties) = preSolution
		HideSolutionNode = FALSE
	EndGlobalSection
	GlobalSection(ExtensibilityGlobals) = postSolution
		SolutionGuid = {3ED51E94-CE19-451A-971F-728C39D74AF9}
	EndGlobalSection
EndGlobal
